{
  "lockfileVersion": 1,
  "configVersion": 0,
  "workspaces": {
    "": {
      "name": "akarisub",
      "devDependencies": {
        "@types/bun": "1.3.12",
        "@types/emscripten": "^1.41.5",
        "@typescript/native-preview": "^7.0.0-dev.20260417.1",
        "@webgpu/types": "^0.1.69",
        "prettier": "^3.8.3",
        "typescript": "^6.0.3",
      },
    },
  },
  "packages": {
    "@types/bun": ["@types/bun@1.3.12", "", { "dependencies": { "bun-types": "1.3.12" } }, "sha512-DBv81elK+/VSwXHDlnH3Qduw+KxkTIWi7TXkAeh24zpi5l0B2kUg9Ga3tb4nJaPcOFswflgi/yAvMVBPrxMB+A=="],

    "@types/emscripten": ["@types/emscripten@1.41.5", "", {}, "sha512-cMQm7pxu6BxtHyqJ7mQZ2kXWV5SLmugybFdHCBbJ5eHzOo6VhBckEgAT3//rP5FwPHNPeEiq4SmQ5ucBwsOo4Q=="],

    "@types/node": ["@types/node@25.0.9", "", { "dependencies": { "undici-types": "~7.16.0" } }, "sha512-/rpCXHlCWeqClNBwUhDcusJxXYDjZTyE8v5oTO7WbL8eij2nKhUeU89/6xgjU7N4/Vh3He0BtyhJdQbDyhiXAw=="],

    "@typescript/native-preview": ["@typescript/native-preview@7.0.0-dev.20260417.1", "", { "optionalDependencies": { "@typescript/native-preview-darwin-arm64": "7.0.0-dev.20260417.1", "@typescript/native-preview-darwin-x64": "7.0.0-dev.20260417.1", "@typescript/native-preview-linux-arm": "7.0.0-dev.20260417.1", "@typescript/native-preview-linux-arm64": "7.0.0-dev.20260417.1", "@typescript/native-preview-linux-x64": "7.0.0-dev.20260417.1", "@typescript/native-preview-win32-arm64": "7.0.0-dev.20260417.1", "@typescript/native-preview-win32-x64": "7.0.0-dev.20260417.1" }, "bin": { "tsgo": "bin/tsgo.js" } }, "sha512-uIsfMRxtjgMF83TbAcpvHe0rgWVhqDSwCU1EYQT17qQbnOR56NIULneywLjeGKFgOCpn3eszd01/EjzS0n/LkA=="],

    "@typescript/native-preview-darwin-arm64": ["@typescript/native-preview-darwin-arm64@7.0.0-dev.20260417.1", "", { "os": "darwin", "cpu": "arm64" }, "sha512-TSV/P3OlMs3iua4dus60uphUwuB0DXnx+1nNazpcAhrpi1oAP6SyKcpYR0D+pqa55i+BDUHVAqpj/AP6pWli8Q=="],

    "@typescript/native-preview-darwin-x64": ["@typescript/native-preview-darwin-x64@7.0.0-dev.20260417.1", "", { "os": "darwin", "cpu": "x64" }, "sha512-vwjFGTPRH15tiHTPjLpKc9YdCaJoySXsWuosopAeTdzghnM58YOXle8J2+y7Sui5N+5uKCCvu0Dug/thL/IpzA=="],

    "@typescript/native-preview-linux-arm": ["@typescript/native-preview-linux-arm@7.0.0-dev.20260417.1", "", { "os": "linux", "cpu": "arm" }, "sha512-/2MG/XnvJMlwfej06NFHZTIOTHuxYCjGRHd+yBclbn6fTUVr3YhlzOZkFj9i2ewir//orOaEVD5u1F4rth8mVg=="],

    "@typescript/native-preview-linux-arm64": ["@typescript/native-preview-linux-arm64@7.0.0-dev.20260417.1", "", { "os": "linux", "cpu": "arm64" }, "sha512-Xbx3FANuS28RpwkjmzwASXeUmPJw8g7E/IRATaWfY945nldwnL5W6MACIdUKKPyQJYm4FtgtntorxJrf2O8vYw=="],

    "@typescript/native-preview-linux-x64": ["@typescript/native-preview-linux-x64@7.0.0-dev.20260417.1", "", { "os": "linux", "cpu": "x64" }, "sha512-kA6tz+vBtfXdCrdwfh36pDhzdoCdn42sEIHIr4HpLvkpAfcn/ruRHWPCvcaOVcKAZWwqgOhyE5ENN9uOSKBZPA=="],

    "@typescript/native-preview-win32-arm64": ["@typescript/native-preview-win32-arm64@7.0.0-dev.20260417.1", "", { "os": "win32", "cpu": "arm64" }, "sha512-BHWsdltUYVNu1lHJTim3FofIBQSjn/Jw4BbA0UEiRpOwFi4hXt4SnP4/7M1A2DMmkBAAv/ZVU8vi+uR44CHatg=="],

    "@typescript/native-preview-win32-x64": ["@typescript/native-preview-win32-x64@7.0.0-dev.20260417.1", "", { "os": "win32", "cpu": "x64" }, "sha512-93bOoa7KDADhfC5vyhnCKPn2A5lhe2lPGMIC2yWfmueOX+R6DLkl2G8olqh+ocTFHCJRhBv8R/VM1j7FaAxG5A=="],

    "@webgpu/types": ["@webgpu/types@0.1.69", "", {}, "sha512-RPmm6kgRbI8e98zSD3RVACvnuktIja5+yLgDAkTmxLr90BEwdTXRQWNLF3ETTTyH/8mKhznZuN5AveXYFEsMGQ=="],

    "bun-types": ["bun-types@1.3.12", "", { "dependencies": { "@types/node": "*" } }, "sha512-HqOLj5PoFajAQciOMRiIZGNoKxDJSr6qigAttOX40vJuSp6DN/CxWp9s3C1Xwm4oH7ybueITwiaOcWXoYVoRkA=="],

    "prettier": ["prettier@3.8.3", "", { "bin": { "prettier": "bin/prettier.cjs" } }, "sha512-7igPTM53cGHMW8xWuVTydi2KO233VFiTNyF5hLJqpilHfmn8C8gPf+PS7dUT64YcXFbiMGZxS9pCSxL/Dxm/Jw=="],

    "typescript": ["typescript@6.0.3", "", { "bin": { "tsc": "bin/tsc", "tsserver": "bin/tsserver" } }, "sha512-y2TvuxSZPDyQakkFRPZHKFm+KKVqIisdg9/CZwm9ftvKXLP8NRWj38/ODjNbr43SsoXqNuAisEf1GdCxqWcdBw=="],

    "undici-types": ["undici-types@7.16.0", "", {}, "sha512-Zz+aZWSj8LE6zoxD+xrjh4VfkIG8Ya6LvYkZqtUQGJPZjYl53ypCaUwWqo7eI0x66KBGeRo+mlBEkMSeSZ38Nw=="],
  }
}
