{
  "lockfileVersion": 1,
  "configVersion": 0,
  "workspaces": {
    "": {
      "name": "akarisub",
      "devDependencies": {
        "@types/bun": "latest",
        "@types/emscripten": "^1.41.5",
        "@typescript/native-preview": "^7.0.0-dev.20260306.1",
        "@webgpu/types": "^0.1.69",
        "prettier": "^3.8.1",
        "typescript": "^5.9.3",
      },
    },
  },
  "packages": {
    "@types/bun": ["@types/bun@1.3.9", "", { "dependencies": { "bun-types": "1.3.9" } }, "sha512-KQ571yULOdWJiMH+RIWIOZ7B2RXQGpL1YQrBtLIV3FqDcCu6FsbFUBwhdKUlCKUpS3PJDsHlJ1QKlpxoVR+xtw=="],

    "@types/emscripten": ["@types/emscripten@1.41.5", "", {}, "sha512-cMQm7pxu6BxtHyqJ7mQZ2kXWV5SLmugybFdHCBbJ5eHzOo6VhBckEgAT3//rP5FwPHNPeEiq4SmQ5ucBwsOo4Q=="],

    "@types/node": ["@types/node@25.0.9", "", { "dependencies": { "undici-types": "~7.16.0" } }, "sha512-/rpCXHlCWeqClNBwUhDcusJxXYDjZTyE8v5oTO7WbL8eij2nKhUeU89/6xgjU7N4/Vh3He0BtyhJdQbDyhiXAw=="],

    "@typescript/native-preview": ["@typescript/native-preview@7.0.0-dev.20260306.1", "", { "optionalDependencies": { "@typescript/native-preview-darwin-arm64": "7.0.0-dev.20260306.1", "@typescript/native-preview-darwin-x64": "7.0.0-dev.20260306.1", "@typescript/native-preview-linux-arm": "7.0.0-dev.20260306.1", "@typescript/native-preview-linux-arm64": "7.0.0-dev.20260306.1", "@typescript/native-preview-linux-x64": "7.0.0-dev.20260306.1", "@typescript/native-preview-win32-arm64": "7.0.0-dev.20260306.1", "@typescript/native-preview-win32-x64": "7.0.0-dev.20260306.1" }, "bin": { "tsgo": "bin/tsgo.js" } }, "sha512-4m7cOjtKu+iLazWW5MuJuI2ZZMkQkS42+GxN6FVdja1nL0t47l1wpaTnzUa1Ny9Xa0opIJ7psPAMBKYAPKbCKA=="],

    "@typescript/native-preview-darwin-arm64": ["@typescript/native-preview-darwin-arm64@7.0.0-dev.20260306.1", "", { "os": "darwin", "cpu": "arm64" }, "sha512-4vuh4VlPydMS/nymDzjJIKDk3dntnEEB5UzyJV9mM4kxF5+geFgJih1DTtZS3qVafhHLB3e4l8omtvGftMnb8g=="],

    "@typescript/native-preview-darwin-x64": ["@typescript/native-preview-darwin-x64@7.0.0-dev.20260306.1", "", { "os": "darwin", "cpu": "x64" }, "sha512-qxYfv0aM4KCZPEe584KIjT5sO4uR+xdyuQXX5tXbnH1UoksIz7bvJ9KUgRloS/q/ww0f8UjPS2+27LnRA4y7ig=="],

    "@typescript/native-preview-linux-arm": ["@typescript/native-preview-linux-arm@7.0.0-dev.20260306.1", "", { "os": "linux", "cpu": "arm" }, "sha512-8gRAFx0ExDWHOmphl8mzBrSoGWnLWDU4VpxkPRsWqaJpHVbjr9Yk2QkuJNIaDmF6q44eJmW/huSiObmHTbZ1UQ=="],

    "@typescript/native-preview-linux-arm64": ["@typescript/native-preview-linux-arm64@7.0.0-dev.20260306.1", "", { "os": "linux", "cpu": "arm64" }, "sha512-8G0BKvTkE+eKX1tSnyKeDaf3bWPWY7OI77SMipagCAyYi06v4gxx+IVE3Px7W7kLX2Wqp1MjWDXu2N76wfJtXQ=="],

    "@typescript/native-preview-linux-x64": ["@typescript/native-preview-linux-x64@7.0.0-dev.20260306.1", "", { "os": "linux", "cpu": "x64" }, "sha512-rsJV3Z9J/zYCEtcqvm+WfLAml3i1OAyMEUn0hja7i8C0kzE+tXKXzsJ0+I1TrSU5O7hHvqlLTvueBoCoM4aL4g=="],

    "@typescript/native-preview-win32-arm64": ["@typescript/native-preview-win32-arm64@7.0.0-dev.20260306.1", "", { "os": "win32", "cpu": "arm64" }, "sha512-US1WsIu9IukaFzM+w8wt0fIAkmk2WtxeVuk8nkbrnH9S3ax39r0J4ikMNZSXEJE0VMxhXJoymzfWxhj3s9yW/Q=="],

    "@typescript/native-preview-win32-x64": ["@typescript/native-preview-win32-x64@7.0.0-dev.20260306.1", "", { "os": "win32", "cpu": "x64" }, "sha512-MlneT0RWS9Zdb8XoWvHsUgmnMJu6K3S0BXRu5ZgUYjcbQKlkz+Z87aUB8eX8qnDFd9csJcMp3+ZrgQ/LKVGP1g=="],

    "@webgpu/types": ["@webgpu/types@0.1.69", "", {}, "sha512-RPmm6kgRbI8e98zSD3RVACvnuktIja5+yLgDAkTmxLr90BEwdTXRQWNLF3ETTTyH/8mKhznZuN5AveXYFEsMGQ=="],

    "bun-types": ["bun-types@1.3.9", "", { "dependencies": { "@types/node": "*" } }, "sha512-+UBWWOakIP4Tswh0Bt0QD0alpTY8cb5hvgiYeWCMet9YukHbzuruIEeXC2D7nMJPB12kbh8C7XJykSexEqGKJg=="],

    "prettier": ["prettier@3.8.1", "", { "bin": { "prettier": "bin/prettier.cjs" } }, "sha512-UOnG6LftzbdaHZcKoPFtOcCKztrQ57WkHDeRD9t/PTQtmT0NHSeWWepj6pS0z/N7+08BHFDQVUrfmfMRcZwbMg=="],

    "typescript": ["typescript@5.9.3", "", { "bin": { "tsc": "bin/tsc", "tsserver": "bin/tsserver" } }, "sha512-jl1vZzPDinLr9eUt3J/t7V6FgNEw9QjvBPdysz9KfQDD41fQrC2Y4vKQdiaUpFT4bXlb1RHhLpp8wtm6M5TgSw=="],

    "undici-types": ["undici-types@7.16.0", "", {}, "sha512-Zz+aZWSj8LE6zoxD+xrjh4VfkIG8Ya6LvYkZqtUQGJPZjYl53ypCaUwWqo7eI0x66KBGeRo+mlBEkMSeSZ38Nw=="],
  }
}
